// !$*UTF8*$!
{
	archiveVersion = 1;
	classes = {
	};
	objectVersion = 46;
	objects = {

/* Begin PBXBuildFile section */
		BCE5E8741EA55D9600EAE8A0 /* AppDelegate.swift in Sources */ = {isa = PBXBuildFile; fileRef = BCE5E8731EA55D9600EAE8A0 /* AppDelegate.swift */; };
		BCE5E8761EA55D9600EAE8A0 /* ViewController.swift in Sources */ = {isa = PBXBuildFile; fileRef = BCE5E8751EA55D9600EAE8A0 /* ViewController.swift */; };
		BCE5E8791EA55D9600EAE8A0 /* Main.storyboard in Resources */ = {isa = PBXBuildFile; fileRef = BCE5E8771EA55D9600EAE8A0 /* Main.storyboard */; };
		BCE5E87B1EA55D9600EAE8A0 /* Assets.xcassets in Resources */ = {isa = PBXBuildFile; fileRef = BCE5E87A1EA55D9600EAE8A0 /* Assets.xcassets */; };
		BCE5E87E1EA55D9600EAE8A0 /* LaunchScreen.storyboard in Resources */ = {isa = PBXBuildFile; fileRef = BCE5E87C1EA55D9600EAE8A0 /* LaunchScreen.storyboard */; };
		BCE5E8891EA55D9600EAE8A0 /* Kent_Denver_Lunch_MenuTests.swift in Sources */ = {isa = PBXBuildFile; fileRef = BCE5E8881EA55D9600EAE8A0 /* Kent_Denver_Lunch_MenuTests.swift */; };
		BCE5E8941EA55D9600EAE8A0 /* Kent_Denver_Lunch_MenuUITests.swift in Sources */ = {isa = PBXBuildFile; fileRef = BCE5E8931EA55D9600EAE8A0 /* Kent_Denver_Lunch_MenuUITests.swift */; };
/* End PBXBuildFile section */

/* Begin PBXContainerItemProxy section */
		BCE5E8851EA55D9600EAE8A0 /* PBXContainerItemProxy */ = {
			isa = PBXContainerItemProxy;
			containerPortal = BCE5E8681EA55D9600EAE8A0 /* Project object */;
			proxyType = 1;
			remoteGlobalIDString = BCE5E86F1EA55D9600EAE8A0;
			remoteInfo = "Kent Denver Lunch Menu";
		};
		BCE5E8901EA55D9600EAE8A0 /* PBXContainerItemProxy */ = {
			isa = PBXContainerItemProxy;
			containerPortal = BCE5E8681EA55D9600EAE8A0 /* Project object */;
			proxyType = 1;
			remoteGlobalIDString = BCE5E86F1EA55D9600EAE8A0;
			remoteInfo = "Kent Denver Lunch Menu";
		};
/* End PBXContainerItemProxy section */

/* Begin PBXFileReference section */
		BCE5E8701EA55D9600EAE8A0 /* Kent Denver Lunch Menu.app */ = {isa = PBXFileReference; explicitFileType = wrapper.application; includeInIndex = 0; path = "Kent Denver Lunch Menu.app"; sourceTree = BUILT_PRODUCTS_DIR; };
		BCE5E8731EA55D9600EAE8A0 /* AppDelegate.swift */ = {isa = PBXFileReference; lastKnownFileType = sourcecode.swift; path = AppDelegate.swift; sourceTree = "<group>"; };
		BCE5E8751EA55D9600EAE8A0 /* ViewController.swift */ = {isa = PBXFileReference; lastKnownFileType = sourcecode.swift; path = ViewController.swift; sourceTree = "<group>"; };
		BCE5E8781EA55D9600EAE8A0 /* Base */ = {isa = PBXFileReference; lastKnownFileType = file.storyboard; name = Base; path = Base.lproj/Main.storyboard; sourceTree = "<group>"; };
		BCE5E87A1EA55D9600EAE8A0 /* Assets.xcassets */ = {isa = PBXFileReference; lastKnownFileType = folder.assetcatalog; path = Assets.xcassets; sourceTree = "<group>"; };
		BCE5E87D1EA55D9600EAE8A0 /* Base */ = {isa = PBXFileReference; lastKnownFileType = file.storyboard; name = Base; path = Base.lproj/LaunchScreen.storyboard; sourceTree = "<group>"; };
		BCE5E87F1EA55D9600EAE8A0 /* Info.plist */ = {isa = PBXFileReference; lastKnownFileType = text.plist.xml; path = Info.plist; sourceTree = "<group>"; };
		BCE5E8841EA55D9600EAE8A0 /* Kent Denver Lunch MenuTests.xctest */ = {isa = PBXFileReference; explicitFileType = wrapper.cfbundle; includeInIndex = 0; path = "Kent Denver Lunch MenuTests.xctest"; sourceTree = BUILT_PRODUCTS_DIR; };
		BCE5E8881EA55D9600EAE8A0 /* Kent_Denver_Lunch_MenuTests.swift */ = {isa = PBXFileReference; lastKnownFileType = sourcecode.swift; path = Kent_Denver_Lunch_MenuTests.swift; sourceTree = "<group>"; };
		BCE5E88A1EA55D9600EAE8A0 /* Info.plist */ = {isa = PBXFileReference; lastKnownFileType = text.plist.xml; path = Info.plist; sourceTree = "<group>"; };
		BCE5E88F1EA55D9600EAE8A0 /* Kent Denver Lunch MenuUITests.xctest */ = {isa = PBXFileReference; explicitFileType = wrapper.cfbundle; includeInIndex = 0; path = "Kent Denver Lunch MenuUITests.xctest"; sourceTree = BUILT_PRODUCTS_DIR; };
		BCE5E8931EA55D9600EAE8A0 /* Kent_Denver_Lunch_MenuUITests.swift */ = {isa = PBXFileReference; lastKnownFileType = sourcecode.swift; path = Kent_Denver_Lunch_MenuUITests.swift; sourceTree = "<group>"; };
		BCE5E8951EA55D9600EAE8A0 /* Info.plist */ = {isa = PBXFileReference; lastKnownFileType = text.plist.xml; path = Info.plist; sourceTree = "<group>"; };
/* End PBXFileReference section */

/* Begin PBXFrameworksBuildPhase section */
		BCE5E86D1EA55D9600EAE8A0 /* Frameworks */ = {
			isa = PBXFrameworksBuildPhase;
			buildActionMask = 2147483647;
			files = (
			);
			runOnlyForDeploymentPostprocessing = 0;
		};
		BCE5E8811EA55D9600EAE8A0 /* Frameworks */ = {
			isa = PBXFrameworksBuildPhase;
			buildActionMask = 2147483647;
			files = (
			);
			runOnlyForDeploymentPostprocessing = 0;
		};
		BCE5E88C1EA55D9600EAE8A0 /* Frameworks */ = {
			isa = PBXFrameworksBuildPhase;
			buildActionMask = 2147483647;
			files = (
			);
			runOnlyForDeploymentPostprocessing = 0;
		};
/* End PBXFrameworksBuildPhase section */

/* Begin PBXGroup section */
		BCE5E8671EA55D9600EAE8A0 = {
			isa = PBXGroup;
			children = (
				BCE5E8721EA55D9600EAE8A0 /* Kent Denver Lunch Menu */,
				BCE5E8871EA55D9600EAE8A0 /* Kent Denver Lunch MenuTests */,
				BCE5E8921EA55D9600EAE8A0 /* Kent Denver Lunch MenuUITests */,
				BCE5E8711EA55D9600EAE8A0 /* Products */,
			);
			sourceTree = "<group>";
		};
		BCE5E8711EA55D9600EAE8A0 /* Products */ = {
			isa = PBXGroup;
			children = (
				BCE5E8701EA55D9600EAE8A0 /* Kent Denver Lunch Menu.app */,
				BCE5E8841EA55D9600EAE8A0 /* Kent Denver Lunch MenuTests.xctest */,
				BCE5E88F1EA55D9600EAE8A0 /* Kent Denver Lunch MenuUITests.xctest */,
			);
			name = Products;
			sourceTree = "<group>";
		};
		BCE5E8721EA55D9600EAE8A0 /* Kent Denver Lunch Menu */ = {
			isa = PBXGroup;
			children = (
				BCE5E8731EA55D9600EAE8A0 /* AppDelegate.swift */,
				BCE5E8751EA55D9600EAE8A0 /* ViewController.swift */,
				BCE5E8771EA55D9600EAE8A0 /* Main.storyboard */,
				BCE5E87A1EA55D9600EAE8A0 /* Assets.xcassets */,
				BCE5E87C1EA55D9600EAE8A0 /* LaunchScreen.storyboard */,
				BCE5E87F1EA55D9600EAE8A0 /* Info.plist */,
			);
			path = "Kent Denver Lunch Menu";
			sourceTree = "<group>";
		};
		BCE5E8871EA55D9600EAE8A0 /* Kent Denver Lunch MenuTests */ = {
			isa = PBXGroup;
			children = (
				BCE5E8881EA55D9600EAE8A0 /* Kent_Denver_Lunch_MenuTests.swift */,
				BCE5E88A1EA55D9600EAE8A0 /* Info.plist */,
			);
			path = "Kent Denver Lunch MenuTests";
			sourceTree = "<group>";
		};
		BCE5E8921EA55D9600EAE8A0 /* Kent Denver Lunch MenuUITests */ = {
			isa = PBXGroup;
			children = (
				BCE5E8931EA55D9600EAE8A0 /* Kent_Denver_Lunch_MenuUITests.swift */,
				BCE5E8951EA55D9600EAE8A0 /* Info.plist */,
			);
			path = "Kent Denver Lunch MenuUITests";
			sourceTree = "<group>";
		};
/* End PBXGroup section */

/* Begin PBXNativeTarget section */
		BCE5E86F1EA55D9600EAE8A0 /* Kent Denver Lunch Menu */ = {
			isa = PBXNativeTarget;
			buildConfigurationList = BCE5E8981EA55D9600EAE8A0 /* Build configuration list for PBXNativeTarget "Kent Denver Lunch Menu" */;
			buildPhases = (
				BCE5E86C1EA55D9600EAE8A0 /* Sources */,
				BCE5E86D1EA55D9600EAE8A0 /* Frameworks */,
				BCE5E86E1EA55D9600EAE8A0 /* Resources */,
			);
			buildRules = (
			);
			dependencies = (
			);
			name = "Kent Denver Lunch Menu";
			productName = "Kent Denver Lunch Menu";
			productReference = BCE5E8701EA55D9600EAE8A0 /* Kent Denver Lunch Menu.app */;
			productType = "com.apple.product-type.application";
		};
		BCE5E8831EA55D9600EAE8A0 /* Kent Denver Lunch MenuTests */ = {
			isa = PBXNativeTarget;
			buildConfigurationList = BCE5E89B1EA55D9600EAE8A0 /* Build configuration list for PBXNativeTarget "Kent Denver Lunch MenuTests" */;
			buildPhases = (
				BCE5E8801EA55D9600EAE8A0 /* Sources */,
				BCE5E8811EA55D9600EAE8A0 /* Frameworks */,
				BCE5E8821EA55D9600EAE8A0 /* Resources */,
			);
			buildRules = (
			);
			dependencies = (
				BCE5E8861EA55D9600EAE8A0 /* PBXTargetDependency */,
			);
			name = "Kent Denver Lunch MenuTests";
			productName = "Kent Denver Lunch MenuTests";
			productReference = BCE5E8841EA55D9600EAE8A0 /* Kent Denver Lunch MenuTests.xctest */;
			productType = "com.apple.product-type.bundle.unit-test";
		};
		BCE5E88E1EA55D9600EAE8A0 /* Kent Denver Lunch MenuUITests */ = {
			isa = PBXNativeTarget;
			buildConfigurationList = BCE5E89E1EA55D9600EAE8A0 /* Build configuration list for PBXNativeTarget "Kent Denver Lunch MenuUITests" */;
			buildPhases = (
				BCE5E88B1EA55D9600EAE8A0 /* Sources */,
				BCE5E88C1EA55D9600EAE8A0 /* Frameworks */,
				BCE5E88D1EA55D9600EAE8A0 /* Resources */,
			);
			buildRules = (
			);
			dependencies = (
				BCE5E8911EA55D9600EAE8A0 /* PBXTargetDependency */,
			);
			name = "Kent Denver Lunch MenuUITests";
			productName = "Kent Denver Lunch MenuUITests";
			productReference = BCE5E88F1EA55D9600EAE8A0 /* Kent Denver Lunch MenuUITests.xctest */;
			productType = "com.apple.product-type.bundle.ui-testing";
		};
/* End PBXNativeTarget section */

/* Begin PBXProject section */
		BCE5E8681EA55D9600EAE8A0 /* Project object */ = {
			isa = PBXProject;
			attributes = {
				LastSwiftUpdateCheck = 0830;
				LastUpgradeCheck = 0830;
				ORGANIZATIONNAME = "Kent Denver Lunch";
				TargetAttributes = {
					BCE5E86F1EA55D9600EAE8A0 = {
						CreatedOnToolsVersion = 8.3.1;
						ProvisioningStyle = Automatic;
					};
					BCE5E8831EA55D9600EAE8A0 = {
						CreatedOnToolsVersion = 8.3.1;
						ProvisioningStyle = Automatic;
						TestTargetID = BCE5E86F1EA55D9600EAE8A0;
					};
					BCE5E88E1EA55D9600EAE8A0 = {
						CreatedOnToolsVersion = 8.3.1;
						ProvisioningStyle = Automatic;
						TestTargetID = BCE5E86F1EA55D9600EAE8A0;
					};
				};
			};
			buildConfigurationList = BCE5E86B1EA55D9600EAE8A0 /* Build configuration list for PBXProject "Kent Denver Lunch Menu" */;
			compatibilityVersion = "Xcode 3.2";
			developmentRegion = English;
			hasScannedForEncodings = 0;
			knownRegions = (
				en,
				Base,
			);
			mainGroup = BCE5E8671EA55D9600EAE8A0;
			productRefGroup = BCE5E8711EA55D9600EAE8A0 /* Products */;
			projectDirPath = "";
			projectRoot = "";
			targets = (
				BCE5E86F1EA55D9600EAE8A0 /* Kent Denver Lunch Menu */,
				BCE5E8831EA55D9600EAE8A0 /* Kent Denver Lunch MenuTests */,
				BCE5E88E1EA55D9600EAE8A0 /* Kent Denver Lunch MenuUITests */,
			);
		};
/* End PBXProject section */

/* Begin PBXResourcesBuildPhase section */
		BCE5E86E1EA55D9600EAE8A0 /* Resources */ = {
			isa = PBXResourcesBuildPhase;
			buildActionMask = 2147483647;
			files = (
				BCE5E87E1EA55D9600EAE8A0 /* LaunchScreen.storyboard in Resources */,
				BCE5E87B1EA55D9600EAE8A0 /* Assets.xcassets in Resources */,
				BCE5E8791EA55D9600EAE8A0 /* Main.storyboard in Resources */,
			);
			runOnlyForDeploymentPostprocessing = 0;
		};
		BCE5E8821EA55D9600EAE8A0 /* Resources */ = {
			isa = PBXResourcesBuildPhase;
			buildActionMask = 2147483647;
			files = (
			);
			runOnlyForDeploymentPostprocessing = 0;
		};
		BCE5E88D1EA55D9600EAE8A0 /* Resources */ = {
			isa = PBXResourcesBuildPhase;
			buildActionMask = 2147483647;
			files = (
			);
			runOnlyForDeploymentPostprocessing = 0;
		};
/* End PBXResourcesBuildPhase section */

/* Begin PBXSourcesBuildPhase section */
		BCE5E86C1EA55D9600EAE8A0 /* Sources */ = {
			isa = PBXSourcesBuildPhase;
			buildActionMask = 2147483647;
			files = (
				BCE5E8761EA55D9600EAE8A0 /* ViewController.swift in Sources */,
				BCE5E8741EA55D9600EAE8A0 /* AppDelegate.swift in Sources */,
			);
			runOnlyForDeploymentPostprocessing = 0;
		};
		BCE5E8801EA55D9600EAE8A0 /* Sources */ = {
			isa = PBXSourcesBuildPhase;
			buildActionMask = 2147483647;
			files = (
				BCE5E8891EA55D9600EAE8A0 /* Kent_Denver_Lunch_MenuTests.swift in Sources */,
			);
			runOnlyForDeploymentPostprocessing = 0;
		};
		BCE5E88B1EA55D9600EAE8A0 /* Sources */ = {
			isa = PBXSourcesBuildPhase;
			buildActionMask = 2147483647;
			files = (
				BCE5E8941EA55D9600EAE8A0 /* Kent_Denver_Lunch_MenuUITests.swift in Sources */,
			);
			runOnlyForDeploymentPostprocessing = 0;
		};
/* End PBXSourcesBuildPhase section */

/* Begin PBXTargetDependency section */
		BCE5E8861EA55D9600EAE8A0 /* PBXTargetDependency */ = {
			isa = PBXTargetDependency;
			target = BCE5E86F1EA55D9600EAE8A0 /* Kent Denver Lunch Menu */;
			targetProxy = BCE5E8851EA55D9600EAE8A0 /* PBXContainerItemProxy */;
		};
		BCE5E8911EA55D9600EAE8A0 /* PBXTargetDependency */ = {
			isa = PBXTargetDependency;
			target = BCE5E86F1EA55D9600EAE8A0 /* Kent Denver Lunch Menu */;
			targetProxy = BCE5E8901EA55D9600EAE8A0 /* PBXContainerItemProxy */;
		};
/* End PBXTargetDependency section */

/* Begin PBXVariantGroup section */
		BCE5E8771EA55D9600EAE8A0 /* Main.storyboard */ = {
			isa = PBXVariantGroup;
			children = (
				BCE5E8781EA55D9600EAE8A0 /* Base */,
			);
			name = Main.storyboard;
			sourceTree = "<group>";
		};
		BCE5E87C1EA55D9600EAE8A0 /* LaunchScreen.storyboard */ = {
			isa = PBXVariantGroup;
			children = (
				BCE5E87D1EA55D9600EAE8A0 /* Base */,
			);
			name = LaunchScreen.storyboard;
			sourceTree = "<group>";
		};
/* End PBXVariantGroup section */

/* Begin XCBuildConfiguration section */
		BCE5E8961EA55D9600EAE8A0 /* Debug */ = {
			isa = XCBuildConfiguration;
			buildSettings = {
				ALWAYS_SEARCH_USER_PATHS = NO;
				CLANG_ANALYZER_NONNULL = YES;
				CLANG_ANALYZER_NUMBER_OBJECT_CONVERSION = YES_AGGRESSIVE;
				CLANG_CXX_LANGUAGE_STANDARD = "gnu++0x";
				CLANG_CXX_LIBRARY = "libc++";
				CLANG_ENABLE_MODULES = YES;
				CLANG_ENABLE_OBJC_ARC = YES;
				CLANG_WARN_BOOL_CONVERSION = YES;
				CLANG_WARN_CONSTANT_CONVERSION = YES;
				CLANG_WARN_DIRECT_OBJC_ISA_USAGE = YES_ERROR;
				CLANG_WARN_DOCUMENTATION_COMMENTS = YES;
				CLANG_WARN_EMPTY_BODY = YES;
				CLANG_WARN_ENUM_CONVERSION = YES;
				CLANG_WARN_INFINITE_RECURSION = YES;
				CLANG_WARN_INT_CONVERSION = YES;
				CLANG_WARN_OBJC_ROOT_CLASS = YES_ERROR;
				CLANG_WARN_SUSPICIOUS_MOVE = YES;
				CLANG_WARN_UNREACHABLE_CODE = YES;
				CLANG_WARN__DUPLICATE_METHOD_MATCH = YES;
				"CODE_SIGN_IDENTITY[sdk=iphoneos*]" = "iPhone Developer";
				COPY_PHASE_STRIP = NO;
				DEBUG_INFORMATION_FORMAT = dwarf;
				ENABLE_STRICT_OBJC_MSGSEND = YES;
				ENABLE_TESTABILITY = YES;
				GCC_C_LANGUAGE_STANDARD = gnu99;
				GCC_DYNAMIC_NO_PIC = NO;
				GCC_NO_COMMON_BLOCKS = YES;
				GCC_OPTIMIZATION_LEVEL = 0;
				GCC_PREPROCESSOR_DEFINITIONS = (
					"DEBUG=1",
					"$(inherited)",
				);
				GCC_WARN_64_TO_32_BIT_CONVERSION = YES;
				GCC_WARN_ABOUT_RETURN_TYPE = YES_ERROR;
				GCC_WARN_UNDECLARED_SELECTOR = YES;
				GCC_WARN_UNINITIALIZED_AUTOS = YES_AGGRESSIVE;
				GCC_WARN_UNUSED_FUNCTION = YES;
				GCC_WARN_UNUSED_VARIABLE = YES;
				IPHONEOS_DEPLOYMENT_TARGET = 10.3;
				MTL_ENABLE_DEBUG_INFO = YES;
				ONLY_ACTIVE_ARCH = YES;
				SDKROOT = iphoneos;
				SWIFT_ACTIVE_COMPILATION_CONDITIONS = DEBUG;
				SWIFT_OPTIMIZATION_LEVEL = "-Onone";
				TARGETED_DEVICE_FAMILY = "1,2";
			};
			name = Debug;
		};
		BCE5E8971EA55D9600EAE8A0 /* Release */ = {
			isa = XCBuildConfiguration;
			buildSettings = {
				ALWAYS_SEARCH_USER_PATHS = NO;
				CLANG_ANALYZER_NONNULL = YES;
				CLANG_ANALYZER_NUMBER_OBJECT_CONVERSION = YES_AGGRESSIVE;
				CLANG_CXX_LANGUAGE_STANDARD = "gnu++0x";
				CLANG_CXX_LIBRARY = "libc++";
				CLANG_ENABLE_MODULES = YES;
				CLANG_ENABLE_OBJC_ARC = YES;
				CLANG_WARN_BOOL_CONVERSION = YES;
				CLANG_WARN_CONSTANT_CONVERSION = YES;
				CLANG_WARN_DIRECT_OBJC_ISA_USAGE = YES_ERROR;
				CLANG_WARN_DOCUMENTATION_COMMENTS = YES;
				CLANG_WARN_EMPTY_BODY = YES;
				CLANG_WARN_ENUM_CONVERSION = YES;
				CLANG_WARN_INFINITE_RECURSION = YES;
				CLANG_WARN_INT_CONVERSION = YES;
				CLANG_WARN_OBJC_ROOT_CLASS = YES_ERROR;
				CLANG_WARN_SUSPICIOUS_MOVE = YES;
				CLANG_WARN_UNREACHABLE_CODE = YES;
				CLANG_WARN__DUPLICATE_METHOD_MATCH = YES;
				"CODE_SIGN_IDENTITY[sdk=iphoneos*]" = "iPhone Developer";
				COPY_PHASE_STRIP = NO;
				DEBUG_INFORMATION_FORMAT = "dwarf-with-dsym";
				ENABLE_NS_ASSERTIONS = NO;
				ENABLE_STRICT_OBJC_MSGSEND = YES;
				GCC_C_LANGUAGE_STANDARD = gnu99;
				GCC_NO_COMMON_BLOCKS = YES;
				GCC_WARN_64_TO_32_BIT_CONVERSION = YES;
				GCC_WARN_ABOUT_RETURN_TYPE = YES_ERROR;
				GCC_WARN_UNDECLARED_SELECTOR = YES;
				GCC_WARN_UNINITIALIZED_AUTOS = YES_AGGRESSIVE;
				GCC_WARN_UNUSED_FUNCTION = YES;
				GCC_WARN_UNUSED_VARIABLE = YES;
				IPHONEOS_DEPLOYMENT_TARGET = 10.3;
				MTL_ENABLE_DEBUG_INFO = NO;
				SDKROOT = iphoneos;
				SWIFT_OPTIMIZATION_LEVEL = "-Owholemodule";
				TARGETED_DEVICE_FAMILY = "1,2";
				VALIDATE_PRODUCT = YES;
			};
			name = Release;
		};
		BCE5E8991EA55D9600EAE8A0 /* Debug */ = {
			isa = XCBuildConfiguration;
			buildSettings = {
				ASSETCATALOG_COMPILER_APPICON_NAME = AppIcon;
				INFOPLIST_FILE = "Kent Denver Lunch Menu/Info.plist";
				LD_RUNPATH_SEARCH_PATHS = "$(inherited) @executable_path/Frameworks";
				PRODUCT_BUNDLE_IDENTIFIER = "IoT.Kent-Denver-Lunch-Menu";
				PRODUCT_NAME = "$(TARGET_NAME)";
				SWIFT_VERSION = 3.0;
			};
			name = Debug;
		};
		BCE5E89A1EA55D9600EAE8A0 /* Release */ = {
			isa = XCBuildConfiguration;
			buildSettings = {
				ASSETCATALOG_COMPILER_APPICON_NAME = AppIcon;
				INFOPLIST_FILE = "Kent Denver Lunch Menu/Info.plist";
				LD_RUNPATH_SEARCH_PATHS = "$(inherited) @executable_path/Frameworks";
				PRODUCT_BUNDLE_IDENTIFIER = "IoT.Kent-Denver-Lunch-Menu";
				PRODUCT_NAME = "$(TARGET_NAME)";
				SWIFT_VERSION = 3.0;
			};
			name = Release;
		};
		BCE5E89C1EA55D9600EAE8A0 /* Debug */ = {
			isa = XCBuildConfiguration;
			buildSettings = {
				ALWAYS_EMBED_SWIFT_STANDARD_LIBRARIES = YES;
				BUNDLE_LOADER = "$(TEST_HOST)";
				INFOPLIST_FILE = "Kent Denver Lunch MenuTests/Info.plist";
				LD_RUNPATH_SEARCH_PATHS = "$(inherited) @executable_path/Frameworks @loader_path/Frameworks";
				PRODUCT_BUNDLE_IDENTIFIER = "IoT.Kent-Denver-Lunch-MenuTests";
				PRODUCT_NAME = "$(TARGET_NAME)";
				SWIFT_VERSION = 3.0;
				TEST_HOST = "$(BUILT_PRODUCTS_DIR)/Kent Denver Lunch Menu.app/Kent Denver Lunch Menu";
			};
			name = Debug;
		};
		BCE5E89D1EA55D9600EAE8A0 /* Release */ = {
			isa = XCBuildConfiguration;
			buildSettings = {
				ALWAYS_EMBED_SWIFT_STANDARD_LIBRARIES = YES;
				BUNDLE_LOADER = "$(TEST_HOST)";
				INFOPLIST_FILE = "Kent Denver Lunch MenuTests/Info.plist";
				LD_RUNPATH_SEARCH_PATHS = "$(inherited) @executable_path/Frameworks @loader_path/Frameworks";
				PRODUCT_BUNDLE_IDENTIFIER = "IoT.Kent-Denver-Lunch-MenuTests";
				PRODUCT_NAME = "$(TARGET_NAME)";
				SWIFT_VERSION = 3.0;
				TEST_HOST = "$(BUILT_PRODUCTS_DIR)/Kent Denver Lunch Menu.app/Kent Denver Lunch Menu";
			};
			name = Release;
		};
		BCE5E89F1EA55D9600EAE8A0 /* Debug */ = {
			isa = XCBuildConfiguration;
			buildSettings = {
				ALWAYS_EMBED_SWIFT_STANDARD_LIBRARIES = YES;
				INFOPLIST_FILE = "Kent Denver Lunch MenuUITests/Info.plist";
				LD_RUNPATH_SEARCH_PATHS = "$(inherited) @executable_path/Frameworks @loader_path/Frameworks";
				PRODUCT_BUNDLE_IDENTIFIER = "IoT.Kent-Denver-Lunch-MenuUITests";
				PRODUCT_NAME = "$(TARGET_NAME)";
				SWIFT_VERSION = 3.0;
				TEST_TARGET_NAME = "Kent Denver Lunch Menu";
			};
			name = Debug;
		};
		BCE5E8A01EA55D9600EAE8A0 /* Release */ = {
			isa = XCBuildConfiguration;
			buildSettings = {
				ALWAYS_EMBED_SWIFT_STANDARD_LIBRARIES = YES;
				INFOPLIST_FILE = "Kent Denver Lunch MenuUITests/Info.plist";
				LD_RUNPATH_SEARCH_PATHS = "$(inherited) @executable_path/Frameworks @loader_path/Frameworks";
				PRODUCT_BUNDLE_IDENTIFIER = "IoT.Kent-Denver-Lunch-MenuUITests";
				PRODUCT_NAME = "$(TARGET_NAME)";
				SWIFT_VERSION = 3.0;
				TEST_TARGET_NAME = "Kent Denver Lunch Menu";
			};
			name = Release;
		};
/* End XCBuildConfiguration section */

/* Begin XCConfigurationList section */
		BCE5E86B1EA55D9600EAE8A0 /* Build configuration list for PBXProject "Kent Denver Lunch Menu" */ = {
			isa = XCConfigurationList;
			buildConfigurations = (
				BCE5E8961EA55D9600EAE8A0 /* Debug */,
				BCE5E8971EA55D9600EAE8A0 /* Release */,
			);
			defaultConfigurationIsVisible = 0;
			defaultConfigurationName = Release;
		};
		BCE5E8981EA55D9600EAE8A0 /* Build configuration list for PBXNativeTarget "Kent Denver Lunch Menu" */ = {
			isa = XCConfigurationList;
			buildConfigurations = (
				BCE5E8991EA55D9600EAE8A0 /* Debug */,
				BCE5E89A1EA55D9600EAE8A0 /* Release */,
			);
			defaultConfigurationIsVisible = 0;
		};
		BCE5E89B1EA55D9600EAE8A0 /* Build configuration list for PBXNativeTarget "Kent Denver Lunch MenuTests" */ = {
			isa = XCConfigurationList;
			buildConfigurations = (
				BCE5E89C1EA55D9600EAE8A0 /* Debug */,
				BCE5E89D1EA55D9600EAE8A0 /* Release */,
			);
			defaultConfigurationIsVisible = 0;
		};
		BCE5E89E1EA55D9600EAE8A0 /* Build configuration list for PBXNativeTarget "Kent Denver Lunch MenuUITests" */ = {
			isa = XCConfigurationList;
			buildConfigurations = (
				BCE5E89F1EA55D9600EAE8A0 /* Debug */,
				BCE5E8A01EA55D9600EAE8A0 /* Release */,
			);
			defaultConfigurationIsVisible = 0;
		};
/* End XCConfigurationList section */
	};
	rootObject = BCE5E8681EA55D9600EAE8A0 /* Project object */;
}
